{
  "name": "context-lens",
  "version": "1.0.3",
  "lockfileVersion": 3,
  "requires": true,
  "packages": {
    "": {
      "name": "context-lens",
      "version": "1.0.3",
      "license": "MIT",
      "dependencies": {
        "@sking7/agent-cli-unified": "^1.0.2"
      }
    },
    "node_modules/@sking7/agent-cli-unified": {
      "version": "1.0.2",
      "resolved": "https://registry.npmjs.org/@sking7/agent-cli-unified/-/agent-cli-unified-1.0.2.tgz",
      "integrity": "sha512-2aPKGIh8ZP66R9DcBmO3Bq193ECjf8PeuadUfWRmqwuPdGOegyssvtHyH3nLVILFa/0alXnBzl/LXD7grY8GDw==",
      "license": "MIT"
    }
  }
}
