{
  "name": "context-lens",
  "version": "1.0.4",
  "lockfileVersion": 3,
  "requires": true,
  "packages": {
    "": {
      "name": "context-lens",
      "version": "1.0.4",
      "license": "MIT",
      "dependencies": {
        "@sking7/agent-cli-unified": "^1.0.5"
      }
    },
    "../agent-cli-unified": {
      "name": "@sking7/agent-cli-unified",
      "version": "1.0.5",
      "license": "MIT",
      "devDependencies": {
        "@types/node": "^25.9.2",
        "typescript": "^6.0.3"
      }
    },
    "node_modules/@sking7/agent-cli-unified": {
      "resolved": "../agent-cli-unified",
      "link": true
    }
  }
}
