{
  "name": "context-lens",
  "version": "1.0.3",
  "lockfileVersion": 3,
  "requires": true,
  "packages": {
    "": {
      "name": "context-lens",
      "version": "1.0.3",
      "license": "MIT",
      "dependencies": {
        "@sking7/agent-cli-unified": "^1.0.3"
      }
    },
    "node_modules/@sking7/agent-cli-unified": {
      "version": "1.0.3",
      "resolved": "https://npm.ninebot.com/@sking7/agent-cli-unified/-/agent-cli-unified-1.0.3.tgz",
      "integrity": "sha512-Gx/sLcFKkllwInHo5BHQ316qC12LelM6K9sInbSBoGszXI6NibYa6UqZ7qRkbd3j090X2EiajBpYjstuCvyGAA==",
      "license": "MIT"
    }
  }
}
